{
  "name": "goods_detail",
  "version": "1.0.0",
  "lockfileVersion": 1,
  "requires": true,
  "dependencies": {
    "app_config": {
      "version": "file:../common/app_config"
    },
    "make_sign": {
      "version": "file:../common/make_sign",
      "requires": {
        "crypto": "^1.0.1"
      },
      "dependencies": {
        "crypto": {
          "version": "1.0.1",
          "resolved": "https://registry.npm.taobao.org/crypto/download/crypto-1.0.1.tgz",
          "integrity": "sha1-KvG3ytgXXSTIobB3glV5SiGAMDc="
        }
      }
    }
  }
}
